PODS:
  - Flutter (1.0.0)
  - multistockfish_chess (0.3.0):
    - Flutter
  - multistockfish_sf16 (0.1.1):
    - Flutter
  - multistockfish_variant (0.1.1):
    - Flutter
  - sound_effect (0.1.3):
    - Flutter

DEPENDENCIES:
  - Flutter (from `Flutter`)
  - multistockfish_chess (from `.symlinks/plugins/multistockfish_chess/ios`)
  - multistockfish_sf16 (from `.symlinks/plugins/multistockfish_sf16/ios`)
  - multistockfish_variant (from `.symlinks/plugins/multistockfish_variant/ios`)
  - sound_effect (from `.symlinks/plugins/sound_effect/ios`)

EXTERNAL SOURCES:
  Flutter:
    :path: Flutter
  multistockfish_chess:
    :path: ".symlinks/plugins/multistockfish_chess/ios"
  multistockfish_sf16:
    :path: ".symlinks/plugins/multistockfish_sf16/ios"
  multistockfish_variant:
    :path: ".symlinks/plugins/multistockfish_variant/ios"
  sound_effect:
    :path: ".symlinks/plugins/sound_effect/ios"

SPEC CHECKSUMS:
  Flutter: cabc95a1d2626b1b06e7179b784ebcf0c0cde467
  multistockfish_chess: 826a3fb3746cbf66496bb1388eb664084fac393c
  multistockfish_sf16: dfd62eb23f5caaad596fa61e88624ead35f0a5e8
  multistockfish_variant: fba6f8034da46db2a1745a0fab420000c3db5cd9
  sound_effect: 2eb2c9ff67dfed3a5e2799128ffd5cf42b6bbfd9

PODFILE CHECKSUM: 5d2ab20fea2b68bc8d26fad47359f4c9158ad6f4

COCOAPODS: 1.16.2
